{
  "nodes": {
    "home-manager": {
      "inputs": {
        "nixpkgs": [
          "nixpkgs"
        ]
      },
      "locked": {
        "lastModified": 1700814205,
        "narHash": "sha256-lWqDPKHRbQfi+zNIivf031BUeyciVOtwCwTjyrhDB5g=",
        "owner": "nix-community",
        "repo": "home-manager",
        "rev": "aeb2232d7a32530d3448318790534d196bf9427a",
        "type": "github"
      },
      "original": {
        "owner": "nix-community",
        "ref": "release-23.11",
        "repo": "home-manager",
        "type": "github"
      }
    },
    "nixpkgs": {
      "locked": {
        "lastModified": 1700786208,
        "narHash": "sha256-vP0WI7qNkg3teQJN5xjFcxgnBNiKCbkgw3X9HcAxWJY=",
        "owner": "NixOS",
        "repo": "nixpkgs",
        "rev": "8b8c9407844599546393146bfac901290e0ab96b",
        "type": "github"
      },
      "original": {
        "owner": "NixOS",
        "ref": "nixpkgs-unstable",
        "repo": "nixpkgs",
        "type": "github"
      }
    },
    "root": {
      "inputs": {
        "home-manager": "home-manager",
        "nixpkgs": "nixpkgs",
        "xmonad": "xmonad"
      }
    },
    "xmonad": {
      "flake": false,
      "locked": {
        "lastModified": 1672605774,
        "narHash": "sha256-smORx5YOWtzM0moUgFoEon3PEnUv53hxxZ3lEDuby1I=",
        "owner": "fxttr",
        "repo": "xmonad-cfg",
        "rev": "56da3532bb4af568f25e4f32e067c51e569f174f",
        "type": "github"
      },
      "original": {
        "owner": "fxttr",
        "repo": "xmonad-cfg",
        "type": "github"
      }
    }
  },
  "root": "root",
  "version": 7
}
